{
  "name": "sshProxy",
  "requires": true,
  "lockfileVersion": 1,
  "dependencies": {
    "asn1": {
      "version": "0.2.3",
      "resolved": "https://registry.npmjs.org/asn1/-/asn1-0.2.3.tgz",
      "integrity": "sha1-2sh4dxPJlmhJ/IGAd36+nB3fO4Y="
    },
    "dotenv": {
      "version": "5.0.1",
      "resolved": "https://registry.npmjs.org/dotenv/-/dotenv-5.0.1.tgz",
      "integrity": "sha512-4As8uPrjfwb7VXC+WnLCbXK7y+Ueb2B3zgNCePYfhxS1PYeaO1YTeplffTEcbfLhvFNGLAz90VvJs9yomG7bow=="
    },
    "fs": {
      "version": "0.0.1-security",
      "resolved": "https://registry.npmjs.org/fs/-/fs-0.0.1-security.tgz",
      "integrity": "sha1-invTcYa23d84E/I4WLV+yq9eQdQ="
    },
    "nan": {
      "version": "2.10.0",
      "resolved": "https://registry.npmjs.org/nan/-/nan-2.10.0.tgz",
      "integrity": "sha512-bAdJv7fBLhWC+/Bls0Oza+mvTaNQtP+1RyhhhvD95pgUJz6XM5IzgmxOkItJ9tkoCiplvAnXI1tNmmUD/eScyA=="
    },
    "semver": {
      "version": "5.5.0",
      "resolved": "https://registry.npmjs.org/semver/-/semver-5.5.0.tgz",
      "integrity": "sha1-3Eu8emyp2Rbe5dQ1FvAJK1j3uKs="
    },
    "sleep": {
      "version": "5.1.1",
      "resolved": "https://registry.npmjs.org/sleep/-/sleep-5.1.1.tgz",
      "integrity": "sha1-h4+h1E0I7rDyb7IBjvhinrGjq5Q=",
      "requires": {
        "nan": "2.10.0"
      }
    },
    "ssh2": {
      "version": "0.6.0",
      "resolved": "https://registry.npmjs.org/ssh2/-/ssh2-0.6.0.tgz",
      "integrity": "sha512-TEHSJhmEo14cgVuqse54GE4hcfC7i+o/JSDjWm4RoCV4Ys4JpBOpcGkNtdN22ON8WO+2X8XpeiZ0yI9crDvHpA==",
      "requires": {
        "ssh2-streams": "0.2.0"
      }
    },
    "ssh2-sftp-client": {
      "version": "2.1.1",
      "resolved": "https://registry.npmjs.org/ssh2-sftp-client/-/ssh2-sftp-client-2.1.1.tgz",
      "integrity": "sha512-VL/7yHWXiQqcY9GhtU4b6Yrqt2qncGpkANLP32swqlKJtfEphst2zXcwUKxmJ2P4x8JFiOZzP1SXtOnIqx7Asg==",
      "requires": {
        "ssh2": "0.5.5"
      },
      "dependencies": {
        "ssh2": {
          "version": "0.5.5",
          "resolved": "https://registry.npmjs.org/ssh2/-/ssh2-0.5.5.tgz",
          "integrity": "sha1-x3gezS7OcwSiU89iD6taXCK7IjU=",
          "requires": {
            "ssh2-streams": "0.1.20"
          }
        },
        "ssh2-streams": {
          "version": "0.1.20",
          "resolved": "https://registry.npmjs.org/ssh2-streams/-/ssh2-streams-0.1.20.tgz",
          "integrity": "sha1-URGNFUVV31Rp7h9n4M8efoosDjo=",
          "requires": {
            "asn1": "0.2.3",
            "semver": "5.5.0",
            "streamsearch": "0.1.2"
          }
        }
      }
    },
    "ssh2-streams": {
      "version": "0.2.0",
      "resolved": "https://registry.npmjs.org/ssh2-streams/-/ssh2-streams-0.2.0.tgz",
      "integrity": "sha1-y0zLbq1/8C8BP0KWRjlP2hB1GbM=",
      "requires": {
        "asn1": "0.2.3",
        "semver": "5.5.0",
        "streamsearch": "0.1.2"
      }
    },
    "streamsearch": {
      "version": "0.1.2",
      "resolved": "https://registry.npmjs.org/streamsearch/-/streamsearch-0.1.2.tgz",
      "integrity": "sha1-gIudDlb8Jz2Am6VzOOkpkZoanxo="
    }
  }
}
